
Microsoft Visual Studio Solution File, Format Version 12.00
# Visual Studio Version 17
VisualStudioVersion = 17.10.35027.167
MinimumVisualStudioVersion = 10.0.40219.1
Project("{FAE04EC0-301F-11D3-BF4B-00C04F79EFBC}") = "projectmvc", "projectmvc\projectmvc.csproj", "{22F6A3B8-D523-46BB-8D28-B0190BF1329B}"
EndProject
Project("{FAE04EC0-301F-11D3-BF4B-00C04F79EFBC}") = "DAL", "DAL\DAL.csproj", "{0D15F386-69AA-46F9-A59D-41E6AD9244B0}"
EndProject
Project("{FAE04EC0-301F-11D3-BF4B-00C04F79EFBC}") = "BLL", "BLL\BLL.csproj", "{C96010EC-DDB9-4D88-BB5B-37E1E0B56E62}"
EndProject
Global
	GlobalSection(SolutionConfigurationPlatforms) = preSolution
		Debug|Any CPU = Debug|Any CPU
		Release|Any CPU = Release|Any CPU
	EndGlobalSection
	GlobalSection(ProjectConfigurationPlatforms) = postSolution
		{22F6A3B8-D523-46BB-8D28-B0190BF1329B}.Debug|Any CPU.ActiveCfg = Debug|Any CPU
		{22F6A3B8-D523-46BB-8D28-B0190BF1329B}.Debug|Any CPU.Build.0 = Debug|Any CPU
		{22F6A3B8-D523-46BB-8D28-B0190BF1329B}.Release|Any CPU.ActiveCfg = Release|Any CPU
		{22F6A3B8-D523-46BB-8D28-B0190BF1329B}.Release|Any CPU.Build.0 = Release|Any CPU
		{0D15F386-69AA-46F9-A59D-41E6AD9244B0}.Debug|Any CPU.ActiveCfg = Debug|Any CPU
		{0D15F386-69AA-46F9-A59D-41E6AD9244B0}.Debug|Any CPU.Build.0 = Debug|Any CPU
		{0D15F386-69AA-46F9-A59D-41E6AD9244B0}.Release|Any CPU.ActiveCfg = Release|Any CPU
		{0D15F386-69AA-46F9-A59D-41E6AD9244B0}.Release|Any CPU.Build.0 = Release|Any CPU
		{C96010EC-DDB9-4D88-BB5B-37E1E0B56E62}.Debug|Any CPU.ActiveCfg = Debug|Any CPU
		{C96010EC-DDB9-4D88-BB5B-37E1E0B56E62}.Debug|Any CPU.Build.0 = Debug|Any CPU
		{C96010EC-DDB9-4D88-BB5B-37E1E0B56E62}.Release|Any CPU.ActiveCfg = Release|Any CPU
		{C96010EC-DDB9-4D88-BB5B-37E1E0B56E62}.Release|Any CPU.Build.0 = Release|Any CPU
	EndGlobalSection
	GlobalSection(SolutionProperties) = preSolution
		HideSolutionNode = FALSE
	EndGlobalSection
	GlobalSection(ExtensibilityGlobals) = postSolution
		SolutionGuid = {BB792B0A-4C73-40AC-BF82-78F1E28D4651}
	EndGlobalSection
EndGlobal
